// !$*UTF8*$!
{
	archiveVersion = 1;
	classes = {
	};
	objectVersion = 46;
	objects = {

/* Begin PBXBuildFile section */
		5D6FE0F31BD3F4650041C185 /* main.m in Sources */ = {isa = PBXBuildFile; fileRef = 5D6FE0F21BD3F4650041C185 /* main.m */; };
		5D6FE0F61BD3F4650041C185 /* AppDelegate.m in Sources */ = {isa = PBXBuildFile; fileRef = 5D6FE0F51BD3F4650041C185 /* AppDelegate.m */; };
		5D6FE0F91BD3F4650041C185 /* ViewController.m in Sources */ = {isa = PBXBuildFile; fileRef = 5D6FE0F81BD3F4650041C185 /* ViewController.m */; };
		5D6FE0FC1BD3F4650041C185 /* Main.storyboard in Resources */ = {isa = PBXBuildFile; fileRef = 5D6FE0FA1BD3F4650041C185 /* Main.storyboard */; };
		5D6FE0FE1BD3F4650041C185 /* Images.xcassets in Resources */ = {isa = PBXBuildFile; fileRef = 5D6FE0FD1BD3F4650041C185 /* Images.xcassets */; };
		5D6FE1011BD3F4650041C185 /* LaunchScreen.xib in Resources */ = {isa = PBXBuildFile; fileRef = 5D6FE0FF1BD3F4650041C185 /* LaunchScreen.xib */; };
		5D6FE10D1BD3F4650041C185 /* DatePikcerTests.m in Sources */ = {isa = PBXBuildFile; fileRef = 5D6FE10C1BD3F4650041C185 /* DatePikcerTests.m */; };
		5DA1304D1E28BFFB0059293D /* UserNotifications.framework in Frameworks */ = {isa = PBXBuildFile; fileRef = 5DA1304C1E28BFFB0059293D /* UserNotifications.framework */; settings = {ATTRIBUTES = (Weak, ); }; };
/* End PBXBuildFile section */

/* Begin PBXContainerItemProxy section */
		5D6FE1071BD3F4650041C185 /* PBXContainerItemProxy */ = {
			isa = PBXContainerItemProxy;
			containerPortal = 5D6FE0E51BD3F4650041C185 /* Project object */;
			proxyType = 1;
			remoteGlobalIDString = 5D6FE0EC1BD3F4650041C185;
			remoteInfo = DatePikcer;
		};
/* End PBXContainerItemProxy section */

/* Begin PBXFileReference section */
		5D6FE0ED1BD3F4650041C185 /* DatePikcer.app */ = {isa = PBXFileReference; explicitFileType = wrapper.application; includeInIndex = 0; path = DatePikcer.app; sourceTree = BUILT_PRODUCTS_DIR; };
		5D6FE0F11BD3F4650041C185 /* Info.plist */ = {isa = PBXFileReference; lastKnownFileType = text.plist.xml; path = Info.plist; sourceTree = "<group>"; };
		5D6FE0F21BD3F4650041C185 /* main.m */ = {isa = PBXFileReference; lastKnownFileType = sourcecode.c.objc; path = main.m; sourceTree = "<group>"; };
		5D6FE0F41BD3F4650041C185 /* AppDelegate.h */ = {isa = PBXFileReference; lastKnownFileType = sourcecode.c.h; path = AppDelegate.h; sourceTree = "<group>"; };
		5D6FE0F51BD3F4650041C185 /* AppDelegate.m */ = {isa = PBXFileReference; lastKnownFileType = sourcecode.c.objc; path = AppDelegate.m; sourceTree = "<group>"; };
		5D6FE0F71BD3F4650041C185 /* ViewController.h */ = {isa = PBXFileReference; lastKnownFileType = sourcecode.c.h; path = ViewController.h; sourceTree = "<group>"; };
		5D6FE0F81BD3F4650041C185 /* ViewController.m */ = {isa = PBXFileReference; lastKnownFileType = sourcecode.c.objc; path = ViewController.m; sourceTree = "<group>"; };
		5D6FE0FB1BD3F4650041C185 /* Base */ = {isa = PBXFileReference; lastKnownFileType = file.storyboard; name = Base; path = Base.lproj/Main.storyboard; sourceTree = "<group>"; };
		5D6FE0FD1BD3F4650041C185 /* Images.xcassets */ = {isa = PBXFileReference; lastKnownFileType = folder.assetcatalog; path = Images.xcassets; sourceTree = "<group>"; };
		5D6FE1001BD3F4650041C185 /* Base */ = {isa = PBXFileReference; lastKnownFileType = file.xib; name = Base; path = Base.lproj/LaunchScreen.xib; sourceTree = "<group>"; };
		5D6FE1061BD3F4650041C185 /* DatePikcerTests.xctest */ = {isa = PBXFileReference; explicitFileType = wrapper.cfbundle; includeInIndex = 0; path = DatePikcerTests.xctest; sourceTree = BUILT_PRODUCTS_DIR; };
		5D6FE10B1BD3F4650041C185 /* Info.plist */ = {isa = PBXFileReference; lastKnownFileType = text.plist.xml; path = Info.plist; sourceTree = "<group>"; };
		5D6FE10C1BD3F4650041C185 /* DatePikcerTests.m */ = {isa = PBXFileReference; lastKnownFileType = sourcecode.c.objc; path = DatePikcerTests.m; sourceTree = "<group>"; };
		5DA1304C1E28BFFB0059293D /* UserNotifications.framework */ = {isa = PBXFileReference; lastKnownFileType = wrapper.framework; name = UserNotifications.framework; path = System/Library/Frameworks/UserNotifications.framework; sourceTree = SDKROOT; };
/* End PBXFileReference section */

/* Begin PBXFrameworksBuildPhase section */
		5D6FE0EA1BD3F4650041C185 /* Frameworks */ = {
			isa = PBXFrameworksBuildPhase;
			buildActionMask = 2147483647;
			files = (
				5DA1304D1E28BFFB0059293D /* UserNotifications.framework in Frameworks */,
			);
			runOnlyForDeploymentPostprocessing = 0;
		};
		5D6FE1031BD3F4650041C185 /* Frameworks */ = {
			isa = PBXFrameworksBuildPhase;
			buildActionMask = 2147483647;
			files = (
			);
			runOnlyForDeploymentPostprocessing = 0;
		};
/* End PBXFrameworksBuildPhase section */

/* Begin PBXGroup section */
		5D6FE0E41BD3F4650041C185 = {
			isa = PBXGroup;
			children = (
				5D6FE0EF1BD3F4650041C185 /* DatePikcer */,
				5D6FE1091BD3F4650041C185 /* DatePikcerTests */,
				5D6FE0EE1BD3F4650041C185 /* Products */,
				5DA1304B1E28BFFB0059293D /* Frameworks */,
			);
			sourceTree = "<group>";
		};
		5D6FE0EE1BD3F4650041C185 /* Products */ = {
			isa = PBXGroup;
			children = (
				5D6FE0ED1BD3F4650041C185 /* DatePikcer.app */,
				5D6FE1061BD3F4650041C185 /* DatePikcerTests.xctest */,
			);
			name = Products;
			sourceTree = "<group>";
		};
		5D6FE0EF1BD3F4650041C185 /* DatePikcer */ = {
			isa = PBXGroup;
			children = (
				5D6FE0F41BD3F4650041C185 /* AppDelegate.h */,
				5D6FE0F51BD3F4650041C185 /* AppDelegate.m */,
				5D6FE0F71BD3F4650041C185 /* ViewController.h */,
				5D6FE0F81BD3F4650041C185 /* ViewController.m */,
				5D6FE0FA1BD3F4650041C185 /* Main.storyboard */,
				5D6FE0FD1BD3F4650041C185 /* Images.xcassets */,
				5D6FE0FF1BD3F4650041C185 /* LaunchScreen.xib */,
				5D6FE0F01BD3F4650041C185 /* Supporting Files */,
			);
			path = DatePikcer;
			sourceTree = "<group>";
		};
		5D6FE0F01BD3F4650041C185 /* Supporting Files */ = {
			isa = PBXGroup;
			children = (
				5D6FE0F11BD3F4650041C185 /* Info.plist */,
				5D6FE0F21BD3F4650041C185 /* main.m */,
			);
			name = "Supporting Files";
			sourceTree = "<group>";
		};
		5D6FE1091BD3F4650041C185 /* DatePikcerTests */ = {
			isa = PBXGroup;
			children = (
				5D6FE10C1BD3F4650041C185 /* DatePikcerTests.m */,
				5D6FE10A1BD3F4650041C185 /* Supporting Files */,
			);
			path = DatePikcerTests;
			sourceTree = "<group>";
		};
		5D6FE10A1BD3F4650041C185 /* Supporting Files */ = {
			isa = PBXGroup;
			children = (
				5D6FE10B1BD3F4650041C185 /* Info.plist */,
			);
			name = "Supporting Files";
			sourceTree = "<group>";
		};
		5DA1304B1E28BFFB0059293D /* Frameworks */ = {
			isa = PBXGroup;
			children = (
				5DA1304C1E28BFFB0059293D /* UserNotifications.framework */,
			);
			name = Frameworks;
			sourceTree = "<group>";
		};
/* End PBXGroup section */

/* Begin PBXNativeTarget section */
		5D6FE0EC1BD3F4650041C185 /* DatePikcer */ = {
			isa = PBXNativeTarget;
			buildConfigurationList = 5D6FE1101BD3F4650041C185 /* Build configuration list for PBXNativeTarget "DatePikcer" */;
			buildPhases = (
				5D6FE0E91BD3F4650041C185 /* Sources */,
				5D6FE0EA1BD3F4650041C185 /* Frameworks */,
				5D6FE0EB1BD3F4650041C185 /* Resources */,
			);
			buildRules = (
			);
			dependencies = (
			);
			name = DatePikcer;
			productName = DatePikcer;
			productReference = 5D6FE0ED1BD3F4650041C185 /* DatePikcer.app */;
			productType = "com.apple.product-type.application";
		};
		5D6FE1051BD3F4650041C185 /* DatePikcerTests */ = {
			isa = PBXNativeTarget;
			buildConfigurationList = 5D6FE1131BD3F4650041C185 /* Build configuration list for PBXNativeTarget "DatePikcerTests" */;
			buildPhases = (
				5D6FE1021BD3F4650041C185 /* Sources */,
				5D6FE1031BD3F4650041C185 /* Frameworks */,
				5D6FE1041BD3F4650041C185 /* Resources */,
			);
			buildRules = (
			);
			dependencies = (
				5D6FE1081BD3F4650041C185 /* PBXTargetDependency */,
			);
			name = DatePikcerTests;
			productName = DatePikcerTests;
			productReference = 5D6FE1061BD3F4650041C185 /* DatePikcerTests.xctest */;
			productType = "com.apple.product-type.bundle.unit-test";
		};
/* End PBXNativeTarget section */

/* Begin PBXProject section */
		5D6FE0E51BD3F4650041C185 /* Project object */ = {
			isa = PBXProject;
			attributes = {
				LastUpgradeCheck = 0640;
				ORGANIZATIONNAME = "吴延顺";
				TargetAttributes = {
					5D6FE0EC1BD3F4650041C185 = {
						CreatedOnToolsVersion = 6.4;
					};
					5D6FE1051BD3F4650041C185 = {
						CreatedOnToolsVersion = 6.4;
						TestTargetID = 5D6FE0EC1BD3F4650041C185;
					};
				};
			};
			buildConfigurationList = 5D6FE0E81BD3F4650041C185 /* Build configuration list for PBXProject "DatePikcer" */;
			compatibilityVersion = "Xcode 3.2";
			developmentRegion = English;
			hasScannedForEncodings = 0;
			knownRegions = (
				en,
				Base,
			);
			mainGroup = 5D6FE0E41BD3F4650041C185;
			productRefGroup = 5D6FE0EE1BD3F4650041C185 /* Products */;
			projectDirPath = "";
			projectRoot = "";
			targets = (
				5D6FE0EC1BD3F4650041C185 /* DatePikcer */,
				5D6FE1051BD3F4650041C185 /* DatePikcerTests */,
			);
		};
/* End PBXProject section */

/* Begin PBXResourcesBuildPhase section */
		5D6FE0EB1BD3F4650041C185 /* Resources */ = {
			isa = PBXResourcesBuildPhase;
			buildActionMask = 2147483647;
			files = (
				5D6FE0FC1BD3F4650041C185 /* Main.storyboard in Resources */,
				5D6FE1011BD3F4650041C185 /* LaunchScreen.xib in Resources */,
				5D6FE0FE1BD3F4650041C185 /* Images.xcassets in Resources */,
			);
			runOnlyForDeploymentPostprocessing = 0;
		};
		5D6FE1041BD3F4650041C185 /* Resources */ = {
			isa = PBXResourcesBuildPhase;
			buildActionMask = 2147483647;
			files = (
			);
			runOnlyForDeploymentPostprocessing = 0;
		};
/* End PBXResourcesBuildPhase section */

/* Begin PBXSourcesBuildPhase section */
		5D6FE0E91BD3F4650041C185 /* Sources */ = {
			isa = PBXSourcesBuildPhase;
			buildActionMask = 2147483647;
			files = (
				5D6FE0F91BD3F4650041C185 /* ViewController.m in Sources */,
				5D6FE0F61BD3F4650041C185 /* AppDelegate.m in Sources */,
				5D6FE0F31BD3F4650041C185 /* main.m in Sources */,
			);
			runOnlyForDeploymentPostprocessing = 0;
		};
		5D6FE1021BD3F4650041C185 /* Sources */ = {
			isa = PBXSourcesBuildPhase;
			buildActionMask = 2147483647;
			files = (
				5D6FE10D1BD3F4650041C185 /* DatePikcerTests.m in Sources */,
			);
			runOnlyForDeploymentPostprocessing = 0;
		};
/* End PBXSourcesBuildPhase section */

/* Begin PBXTargetDependency section */
		5D6FE1081BD3F4650041C185 /* PBXTargetDependency */ = {
			isa = PBXTargetDependency;
			target = 5D6FE0EC1BD3F4650041C185 /* DatePikcer */;
			targetProxy = 5D6FE1071BD3F4650041C185 /* PBXContainerItemProxy */;
		};
/* End PBXTargetDependency section */

/* Begin PBXVariantGroup section */
		5D6FE0FA1BD3F4650041C185 /* Main.storyboard */ = {
			isa = PBXVariantGroup;
			children = (
				5D6FE0FB1BD3F4650041C185 /* Base */,
			);
			name = Main.storyboard;
			sourceTree = "<group>";
		};
		5D6FE0FF1BD3F4650041C185 /* LaunchScreen.xib */ = {
			isa = PBXVariantGroup;
			children = (
				5D6FE1001BD3F4650041C185 /* Base */,
			);
			name = LaunchScreen.xib;
			sourceTree = "<group>";
		};
/* End PBXVariantGroup section */

/* Begin XCBuildConfiguration section */
		5D6FE10E1BD3F4650041C185 /* Debug */ = {
			isa = XCBuildConfiguration;
			buildSettings = {
				ALWAYS_SEARCH_USER_PATHS = NO;
				CLANG_CXX_LANGUAGE_STANDARD = "gnu++0x";
				CLANG_CXX_LIBRARY = "libc++";
				CLANG_ENABLE_MODULES = YES;
				CLANG_ENABLE_OBJC_ARC = YES;
				CLANG_WARN_BOOL_CONVERSION = YES;
				CLANG_WARN_CONSTANT_CONVERSION = YES;
				CLANG_WARN_DIRECT_OBJC_ISA_USAGE = YES_ERROR;
				CLANG_WARN_EMPTY_BODY = YES;
				CLANG_WARN_ENUM_CONVERSION = YES;
				CLANG_WARN_INT_CONVERSION = YES;
				CLANG_WARN_OBJC_ROOT_CLASS = YES_ERROR;
				CLANG_WARN_UNREACHABLE_CODE = YES;
				CLANG_WARN__DUPLICATE_METHOD_MATCH = YES;
				"CODE_SIGN_IDENTITY[sdk=iphoneos*]" = "iPhone Developer";
				COPY_PHASE_STRIP = NO;
				DEBUG_INFORMATION_FORMAT = "dwarf-with-dsym";
				ENABLE_STRICT_OBJC_MSGSEND = YES;
				GCC_C_LANGUAGE_STANDARD = gnu99;
				GCC_DYNAMIC_NO_PIC = NO;
				GCC_NO_COMMON_BLOCKS = YES;
				GCC_OPTIMIZATION_LEVEL = 0;
				GCC_PREPROCESSOR_DEFINITIONS = (
					"DEBUG=1",
					"$(inherited)",
				);
				GCC_SYMBOLS_PRIVATE_EXTERN = NO;
				GCC_WARN_64_TO_32_BIT_CONVERSION = YES;
				GCC_WARN_ABOUT_RETURN_TYPE = YES_ERROR;
				GCC_WARN_UNDECLARED_SELECTOR = YES;
				GCC_WARN_UNINITIALIZED_AUTOS = YES_AGGRESSIVE;
				GCC_WARN_UNUSED_FUNCTION = YES;
				GCC_WARN_UNUSED_VARIABLE = YES;
				IPHONEOS_DEPLOYMENT_TARGET = 8.4;
				MTL_ENABLE_DEBUG_INFO = YES;
				ONLY_ACTIVE_ARCH = YES;
				SDKROOT = iphoneos;
				TARGETED_DEVICE_FAMILY = "1,2";
			};
			name = Debug;
		};
		5D6FE10F1BD3F4650041C185 /* Release */ = {
			isa = XCBuildConfiguration;
			buildSettings = {
				ALWAYS_SEARCH_USER_PATHS = NO;
				CLANG_CXX_LANGUAGE_STANDARD = "gnu++0x";
				CLANG_CXX_LIBRARY = "libc++";
				CLANG_ENABLE_MODULES = YES;
				CLANG_ENABLE_OBJC_ARC = YES;
				CLANG_WARN_BOOL_CONVERSION = YES;
				CLANG_WARN_CONSTANT_CONVERSION = YES;
				CLANG_WARN_DIRECT_OBJC_ISA_USAGE = YES_ERROR;
				CLANG_WARN_EMPTY_BODY = YES;
				CLANG_WARN_ENUM_CONVERSION = YES;
				CLANG_WARN_INT_CONVERSION = YES;
				CLANG_WARN_OBJC_ROOT_CLASS = YES_ERROR;
				CLANG_WARN_UNREACHABLE_CODE = YES;
				CLANG_WARN__DUPLICATE_METHOD_MATCH = YES;
				"CODE_SIGN_IDENTITY[sdk=iphoneos*]" = "iPhone Developer";
				COPY_PHASE_STRIP = NO;
				DEBUG_INFORMATION_FORMAT = "dwarf-with-dsym";
				ENABLE_NS_ASSERTIONS = NO;
				ENABLE_STRICT_OBJC_MSGSEND = YES;
				GCC_C_LANGUAGE_STANDARD = gnu99;
				GCC_NO_COMMON_BLOCKS = YES;
				GCC_WARN_64_TO_32_BIT_CONVERSION = YES;
				GCC_WARN_ABOUT_RETURN_TYPE = YES_ERROR;
				GCC_WARN_UNDECLARED_SELECTOR = YES;
				GCC_WARN_UNINITIALIZED_AUTOS = YES_AGGRESSIVE;
				GCC_WARN_UNUSED_FUNCTION = YES;
				GCC_WARN_UNUSED_VARIABLE = YES;
				IPHONEOS_DEPLOYMENT_TARGET = 8.4;
				MTL_ENABLE_DEBUG_INFO = NO;
				SDKROOT = iphoneos;
				TARGETED_DEVICE_FAMILY = "1,2";
				VALIDATE_PRODUCT = YES;
			};
			name = Release;
		};
		5D6FE1111BD3F4650041C185 /* Debug */ = {
			isa = XCBuildConfiguration;
			buildSettings = {
				ASSETCATALOG_COMPILER_APPICON_NAME = AppIcon;
				INFOPLIST_FILE = DatePikcer/Info.plist;
				LD_RUNPATH_SEARCH_PATHS = "$(inherited) @executable_path/Frameworks";
				PRODUCT_NAME = "$(TARGET_NAME)";
			};
			name = Debug;
		};
		5D6FE1121BD3F4650041C185 /* Release */ = {
			isa = XCBuildConfiguration;
			buildSettings = {
				ASSETCATALOG_COMPILER_APPICON_NAME = AppIcon;
				INFOPLIST_FILE = DatePikcer/Info.plist;
				LD_RUNPATH_SEARCH_PATHS = "$(inherited) @executable_path/Frameworks";
				PRODUCT_NAME = "$(TARGET_NAME)";
			};
			name = Release;
		};
		5D6FE1141BD3F4650041C185 /* Debug */ = {
			isa = XCBuildConfiguration;
			buildSettings = {
				BUNDLE_LOADER = "$(TEST_HOST)";
				FRAMEWORK_SEARCH_PATHS = (
					"$(SDKROOT)/Developer/Library/Frameworks",
					"$(inherited)",
				);
				GCC_PREPROCESSOR_DEFINITIONS = (
					"DEBUG=1",
					"$(inherited)",
				);
				INFOPLIST_FILE = DatePikcerTests/Info.plist;
				LD_RUNPATH_SEARCH_PATHS = "$(inherited) @executable_path/Frameworks @loader_path/Frameworks";
				PRODUCT_NAME = "$(TARGET_NAME)";
				TEST_HOST = "$(BUILT_PRODUCTS_DIR)/DatePikcer.app/DatePikcer";
			};
			name = Debug;
		};
		5D6FE1151BD3F4650041C185 /* Release */ = {
			isa = XCBuildConfiguration;
			buildSettings = {
				BUNDLE_LOADER = "$(TEST_HOST)";
				FRAMEWORK_SEARCH_PATHS = (
					"$(SDKROOT)/Developer/Library/Frameworks",
					"$(inherited)",
				);
				INFOPLIST_FILE = DatePikcerTests/Info.plist;
				LD_RUNPATH_SEARCH_PATHS = "$(inherited) @executable_path/Frameworks @loader_path/Frameworks";
				PRODUCT_NAME = "$(TARGET_NAME)";
				TEST_HOST = "$(BUILT_PRODUCTS_DIR)/DatePikcer.app/DatePikcer";
			};
			name = Release;
		};
/* End XCBuildConfiguration section */

/* Begin XCConfigurationList section */
		5D6FE0E81BD3F4650041C185 /* Build configuration list for PBXProject "DatePikcer" */ = {
			isa = XCConfigurationList;
			buildConfigurations = (
				5D6FE10E1BD3F4650041C185 /* Debug */,
				5D6FE10F1BD3F4650041C185 /* Release */,
			);
			defaultConfigurationIsVisible = 0;
			defaultConfigurationName = Release;
		};
		5D6FE1101BD3F4650041C185 /* Build configuration list for PBXNativeTarget "DatePikcer" */ = {
			isa = XCConfigurationList;
			buildConfigurations = (
				5D6FE1111BD3F4650041C185 /* Debug */,
				5D6FE1121BD3F4650041C185 /* Release */,
			);
			defaultConfigurationIsVisible = 0;
			defaultConfigurationName = Release;
		};
		5D6FE1131BD3F4650041C185 /* Build configuration list for PBXNativeTarget "DatePikcerTests" */ = {
			isa = XCConfigurationList;
			buildConfigurations = (
				5D6FE1141BD3F4650041C185 /* Debug */,
				5D6FE1151BD3F4650041C185 /* Release */,
			);
			defaultConfigurationIsVisible = 0;
			defaultConfigurationName = Release;
		};
/* End XCConfigurationList section */
	};
	rootObject = 5D6FE0E51BD3F4650041C185 /* Project object */;
}
